schema: '2.0'
stages:
  load_data:
    cmd: python src/load_data.py --config=params.yaml
    deps:
    - path: data_given/winequality.csv
      md5: ccc8d3507eb151f53f760d36abdef888
      size: 91998
    - path: src/get_data.py
      md5: a4e86d1ed05955ac6b3e2371b3f56608
      size: 738
    - path: src/load_data.py
      md5: 50c58a0d6e811a11c5a559d2a1c25a8b
      size: 629
    outs:
    - path: data/raw/winequality.csv
      md5: d98e8f2eca228c11c4de1cc96866a54d
      size: 93598
